
Microsoft Visual Studio Solution File, Format Version 12.00
# Visual Studio Version 17
VisualStudioVersion = 17.11.35327.3
MinimumVisualStudioVersion = 10.0.40219.1
Project("{8BC9CEB8-8B4A-11D0-8D11-00A0C91BC942}") = "Lesson38 Solution", "Lesson38 Solution\Lesson38 Solution.vcxproj", "{A802E4C4-7FFB-4D73-9E08-39F230AF1157}"
EndProject
Project("{8BC9CEB8-8B4A-11D0-8D11-00A0C91BC942}") = "Level_A Project", "Level_A Project\Level_A Project.vcxproj", "{4F5BA8AE-ABFB-4480-96B3-996D07059E98}"
EndProject
Project("{8BC9CEB8-8B4A-11D0-8D11-00A0C91BC942}") = "Level_B Project", "Level_B Project\Level_B Project.vcxproj", "{90B8C405-5079-4C2A-BDBC-35F858F2BDC1}"
EndProject
Project("{8BC9CEB8-8B4A-11D0-8D11-00A0C91BC942}") = "Level_C Project", "Level_C Project\Level_C Project.vcxproj", "{07470A83-EB84-40DF-A71F-A993D8873DEB}"
EndProject
Project("{8BC9CEB8-8B4A-11D0-8D11-00A0C91BC942}") = "Level_D Project", "Level_D Project\Level_D Project.vcxproj", "{798D37A2-4957-4688-8247-A43B0F88C9DF}"
EndProject
Global
	GlobalSection(SolutionConfigurationPlatforms) = preSolution
		Debug|x64 = Debug|x64
		Debug|x86 = Debug|x86
		Release|x64 = Release|x64
		Release|x86 = Release|x86
	EndGlobalSection
	GlobalSection(ProjectConfigurationPlatforms) = postSolution
		{A802E4C4-7FFB-4D73-9E08-39F230AF1157}.Debug|x64.ActiveCfg = Debug|x64
		{A802E4C4-7FFB-4D73-9E08-39F230AF1157}.Debug|x64.Build.0 = Debug|x64
		{A802E4C4-7FFB-4D73-9E08-39F230AF1157}.Debug|x86.ActiveCfg = Debug|Win32
		{A802E4C4-7FFB-4D73-9E08-39F230AF1157}.Debug|x86.Build.0 = Debug|Win32
		{A802E4C4-7FFB-4D73-9E08-39F230AF1157}.Release|x64.ActiveCfg = Release|x64
		{A802E4C4-7FFB-4D73-9E08-39F230AF1157}.Release|x64.Build.0 = Release|x64
		{A802E4C4-7FFB-4D73-9E08-39F230AF1157}.Release|x86.ActiveCfg = Release|Win32
		{A802E4C4-7FFB-4D73-9E08-39F230AF1157}.Release|x86.Build.0 = Release|Win32
		{4F5BA8AE-ABFB-4480-96B3-996D07059E98}.Debug|x64.ActiveCfg = Debug|x64
		{4F5BA8AE-ABFB-4480-96B3-996D07059E98}.Debug|x64.Build.0 = Debug|x64
		{4F5BA8AE-ABFB-4480-96B3-996D07059E98}.Debug|x86.ActiveCfg = Debug|Win32
		{4F5BA8AE-ABFB-4480-96B3-996D07059E98}.Debug|x86.Build.0 = Debug|Win32
		{4F5BA8AE-ABFB-4480-96B3-996D07059E98}.Release|x64.ActiveCfg = Release|x64
		{4F5BA8AE-ABFB-4480-96B3-996D07059E98}.Release|x64.Build.0 = Release|x64
		{4F5BA8AE-ABFB-4480-96B3-996D07059E98}.Release|x86.ActiveCfg = Release|Win32
		{4F5BA8AE-ABFB-4480-96B3-996D07059E98}.Release|x86.Build.0 = Release|Win32
		{90B8C405-5079-4C2A-BDBC-35F858F2BDC1}.Debug|x64.ActiveCfg = Debug|x64
		{90B8C405-5079-4C2A-BDBC-35F858F2BDC1}.Debug|x64.Build.0 = Debug|x64
		{90B8C405-5079-4C2A-BDBC-35F858F2BDC1}.Debug|x86.ActiveCfg = Debug|Win32
		{90B8C405-5079-4C2A-BDBC-35F858F2BDC1}.Debug|x86.Build.0 = Debug|Win32
		{90B8C405-5079-4C2A-BDBC-35F858F2BDC1}.Release|x64.ActiveCfg = Release|x64
		{90B8C405-5079-4C2A-BDBC-35F858F2BDC1}.Release|x64.Build.0 = Release|x64
		{90B8C405-5079-4C2A-BDBC-35F858F2BDC1}.Release|x86.ActiveCfg = Release|Win32
		{90B8C405-5079-4C2A-BDBC-35F858F2BDC1}.Release|x86.Build.0 = Release|Win32
		{07470A83-EB84-40DF-A71F-A993D8873DEB}.Debug|x64.ActiveCfg = Debug|x64
		{07470A83-EB84-40DF-A71F-A993D8873DEB}.Debug|x64.Build.0 = Debug|x64
		{07470A83-EB84-40DF-A71F-A993D8873DEB}.Debug|x86.ActiveCfg = Debug|Win32
		{07470A83-EB84-40DF-A71F-A993D8873DEB}.Debug|x86.Build.0 = Debug|Win32
		{07470A83-EB84-40DF-A71F-A993D8873DEB}.Release|x64.ActiveCfg = Release|x64
		{07470A83-EB84-40DF-A71F-A993D8873DEB}.Release|x64.Build.0 = Release|x64
		{07470A83-EB84-40DF-A71F-A993D8873DEB}.Release|x86.ActiveCfg = Release|Win32
		{07470A83-EB84-40DF-A71F-A993D8873DEB}.Release|x86.Build.0 = Release|Win32
		{798D37A2-4957-4688-8247-A43B0F88C9DF}.Debug|x64.ActiveCfg = Debug|x64
		{798D37A2-4957-4688-8247-A43B0F88C9DF}.Debug|x64.Build.0 = Debug|x64
		{798D37A2-4957-4688-8247-A43B0F88C9DF}.Debug|x86.ActiveCfg = Debug|Win32
		{798D37A2-4957-4688-8247-A43B0F88C9DF}.Debug|x86.Build.0 = Debug|Win32
		{798D37A2-4957-4688-8247-A43B0F88C9DF}.Release|x64.ActiveCfg = Release|x64
		{798D37A2-4957-4688-8247-A43B0F88C9DF}.Release|x64.Build.0 = Release|x64
		{798D37A2-4957-4688-8247-A43B0F88C9DF}.Release|x86.ActiveCfg = Release|Win32
		{798D37A2-4957-4688-8247-A43B0F88C9DF}.Release|x86.Build.0 = Release|Win32
	EndGlobalSection
	GlobalSection(SolutionProperties) = preSolution
		HideSolutionNode = FALSE
	EndGlobalSection
	GlobalSection(ExtensibilityGlobals) = postSolution
		SolutionGuid = {0D8E324D-C771-4675-B897-F455AF06559F}
	EndGlobalSection
EndGlobal
